// !$*UTF8*$!
{
   archiveVersion = "1";
   objectVersion = "46";
   objects = {
      "EastWinds::EastWinds" = {
         isa = "PBXNativeTarget";
         buildConfigurationList = "OBJ_98";
         buildPhases = (
            "OBJ_101",
            "OBJ_105"
         );
         dependencies = (
            "OBJ_111",
            "OBJ_113",
            "OBJ_115",
            "OBJ_117",
            "OBJ_119"
         );
         name = "EastWinds";
         productName = "EastWinds";
         productReference = "EastWinds::EastWinds::Product";
         productType = "com.apple.product-type.tool";
      };
      "EastWinds::EastWinds::Product" = {
         isa = "PBXFileReference";
         path = "EastWinds";
         sourceTree = "BUILT_PRODUCTS_DIR";
      };
      "EastWinds::EastWindsPackageTests::ProductTarget" = {
         isa = "PBXAggregateTarget";
         buildConfigurationList = "OBJ_128";
         buildPhases = (
         );
         dependencies = (
            "OBJ_131"
         );
         name = "EastWindsPackageTests";
         productName = "EastWindsPackageTests";
      };
      "EastWinds::EastWindsTests" = {
         isa = "PBXNativeTarget";
         buildConfigurationList = "OBJ_133";
         buildPhases = (
            "OBJ_136",
            "OBJ_139"
         );
         dependencies = (
            "OBJ_145",
            "OBJ_146",
            "OBJ_147",
            "OBJ_148",
            "OBJ_149",
            "OBJ_150"
         );
         name = "EastWindsTests";
         productName = "EastWindsTests";
         productReference = "EastWinds::EastWindsTests::Product";
         productType = "com.apple.product-type.bundle.unit-test";
      };
      "EastWinds::EastWindsTests::Product" = {
         isa = "PBXFileReference";
         path = "EastWindsTests.xctest";
         sourceTree = "BUILT_PRODUCTS_DIR";
      };
      "EastWinds::SwiftPMPackageDescription" = {
         isa = "PBXNativeTarget";
         buildConfigurationList = "OBJ_122";
         buildPhases = (
            "OBJ_125"
         );
         dependencies = (
         );
         name = "EastWindsPackageDescription";
         productName = "EastWindsPackageDescription";
         productType = "com.apple.product-type.framework";
      };
      "OBJ_1" = {
         isa = "PBXProject";
         attributes = {
            LastSwiftMigration = "9999";
            LastUpgradeCheck = "9999";
         };
         buildConfigurationList = "OBJ_2";
         compatibilityVersion = "Xcode 3.2";
         developmentRegion = "English";
         hasScannedForEncodings = "0";
         knownRegions = (
            "en"
         );
         mainGroup = "OBJ_5";
         productRefGroup = "OBJ_89";
         projectDirPath = ".";
         targets = (
            "EastWinds::EastWinds",
            "EastWinds::SwiftPMPackageDescription",
            "EastWinds::EastWindsPackageTests::ProductTarget",
            "EastWinds::EastWindsTests",
            "PerfectLib::PerfectLib",
            "PerfectLib::SwiftPMPackageDescription",
            "PerfectMongoDB::PerfectMongoDB",
            "PerfectMongoDB::SwiftPMPackageDescription",
            "PythonTool::PythonKit",
            "PythonTool::SwiftPMPackageDescription",
            "SocketIO::SocketIO",
            "SocketIO::SwiftPMPackageDescription",
            "Starscream::Starscream",
            "Starscream::SwiftPMPackageDescription"
         );
      };
      "OBJ_10" = {
         isa = "PBXFileReference";
         path = "Potions.swift";
         sourceTree = "<group>";
      };
      "OBJ_100" = {
         isa = "XCBuildConfiguration";
         buildSettings = {
            FRAMEWORK_SEARCH_PATHS = (
               "$(inherited)",
               "$(PLATFORM_DIR)/Developer/Library/Frameworks"
            );
            HEADER_SEARCH_PATHS = (
               "$(inherited)",
               "$(SRCROOT)/.build/checkouts/Perfect-CMongo",
               "$(SRCROOT)/.build/checkouts/Perfect-CBSON"
            );
            INFOPLIST_FILE = "EastWinds.xcodeproj/EastWinds_Info.plist";
            IPHONEOS_DEPLOYMENT_TARGET = "8.0";
            LD_RUNPATH_SEARCH_PATHS = (
               "$(inherited)",
               "$(TOOLCHAIN_DIR)/usr/lib/swift/macosx",
               "@executable_path"
            );
            MACOSX_DEPLOYMENT_TARGET = "10.10";
            OTHER_CFLAGS = (
               "$(inherited)",
               "-I/usr/local/Cellar/mongo-c-driver/1.14.0/include/libmongoc-1.0",
               "-I/usr/local/Cellar/mongo-c-driver/1.14.0/include/libbson-1.0",
               "-I/usr/local/Cellar/mongo-c-driver/1.14.0/include/libbson-1.0"
            );
            OTHER_LDFLAGS = (
               "$(inherited)",
               "-L/usr/local/Cellar/mongo-c-driver/1.14.0/lib",
               "-lmongoc-1.0",
               "-L/usr/local/Cellar/mongo-c-driver/1.14.0/lib",
               "-lbson-1.0",
               "-L/usr/local/Cellar/mongo-c-driver/1.14.0/lib",
               "-lbson-1.0"
            );
            OTHER_SWIFT_FLAGS = (
               "$(inherited)",
               "-I/usr/local/Cellar/mongo-c-driver/1.14.0/include/libmongoc-1.0",
               "-I/usr/local/Cellar/mongo-c-driver/1.14.0/include/libbson-1.0",
               "-I/usr/local/Cellar/mongo-c-driver/1.14.0/include/libbson-1.0"
            );
            SWIFT_ACTIVE_COMPILATION_CONDITIONS = (
               "$(inherited)"
            );
            SWIFT_FORCE_DYNAMIC_LINK_STDLIB = "YES";
            SWIFT_FORCE_STATIC_LINK_STDLIB = "NO";
            SWIFT_VERSION = "5.0";
            TARGET_NAME = "EastWinds";
            TVOS_DEPLOYMENT_TARGET = "9.0";
            WATCHOS_DEPLOYMENT_TARGET = "2.0";
         };
         name = "Release";
      };
      "OBJ_101" = {
         isa = "PBXSourcesBuildPhase";
         files = (
            "OBJ_102",
            "OBJ_103",
            "OBJ_104"
         );
      };
      "OBJ_102" = {
         isa = "PBXBuildFile";
         fileRef = "OBJ_9";
      };
      "OBJ_103" = {
         isa = "PBXBuildFile";
         fileRef = "OBJ_10";
      };
      "OBJ_104" = {
         isa = "PBXBuildFile";
         fileRef = "OBJ_11";
      };
      "OBJ_105" = {
         isa = "PBXFrameworksBuildPhase";
         files = (
            "OBJ_106",
            "OBJ_107",
            "OBJ_108",
            "OBJ_109",
            "OBJ_110"
         );
      };
      "OBJ_106" = {
         isa = "PBXBuildFile";
         fileRef = "SocketIO::SocketIO::Product";
      };
      "OBJ_107" = {
         isa = "PBXBuildFile";
         fileRef = "Starscream::Starscream::Product";
      };
      "OBJ_108" = {
         isa = "PBXBuildFile";
         fileRef = "PerfectMongoDB::PerfectMongoDB::Product";
      };
      "OBJ_109" = {
         isa = "PBXBuildFile";
         fileRef = "PerfectLib::PerfectLib::Product";
      };
      "OBJ_11" = {
         isa = "PBXFileReference";
         path = "main.swift";
         sourceTree = "<group>";
      };
      "OBJ_110" = {
         isa = "PBXBuildFile";
         fileRef = "PythonTool::PythonKit::Product";
      };
      "OBJ_111" = {
         isa = "PBXTargetDependency";
         target = "SocketIO::SocketIO";
      };
      "OBJ_113" = {
         isa = "PBXTargetDependency";
         target = "Starscream::Starscream";
      };
      "OBJ_115" = {
         isa = "PBXTargetDependency";
         target = "PerfectMongoDB::PerfectMongoDB";
      };
      "OBJ_117" = {
         isa = "PBXTargetDependency";
         target = "PerfectLib::PerfectLib";
      };
      "OBJ_119" = {
         isa = "PBXTargetDependency";
         target = "PythonTool::PythonKit";
      };
      "OBJ_12" = {
         isa = "PBXGroup";
         children = (
            "OBJ_13"
         );
         name = "Tests";
         path = "";
         sourceTree = "SOURCE_ROOT";
      };
      "OBJ_122" = {
         isa = "XCConfigurationList";
         buildConfigurations = (
            "OBJ_123",
            "OBJ_124"
         );
         defaultConfigurationIsVisible = "0";
         defaultConfigurationName = "Release";
      };
      "OBJ_123" = {
         isa = "XCBuildConfiguration";
         buildSettings = {
            LD = "/usr/bin/true";
            OTHER_SWIFT_FLAGS = (
               "-swift-version",
               "5",
               "-I",
               "$(TOOLCHAIN_DIR)/usr/lib/swift/pm/4_2",
               "-target",
               "x86_64-apple-macosx10.10",
               "-sdk",
               "/Applications/Xcode.app/Contents/Developer/Platforms/MacOSX.platform/Developer/SDKs/MacOSX10.14.sdk"
            );
            SWIFT_VERSION = "5.0";
         };
         name = "Debug";
      };
      "OBJ_124" = {
         isa = "XCBuildConfiguration";
         buildSettings = {
            LD = "/usr/bin/true";
            OTHER_SWIFT_FLAGS = (
               "-swift-version",
               "5",
               "-I",
               "$(TOOLCHAIN_DIR)/usr/lib/swift/pm/4_2",
               "-target",
               "x86_64-apple-macosx10.10",
               "-sdk",
               "/Applications/Xcode.app/Contents/Developer/Platforms/MacOSX.platform/Developer/SDKs/MacOSX10.14.sdk"
            );
            SWIFT_VERSION = "5.0";
         };
         name = "Release";
      };
      "OBJ_125" = {
         isa = "PBXSourcesBuildPhase";
         files = (
            "OBJ_126"
         );
      };
      "OBJ_126" = {
         isa = "PBXBuildFile";
         fileRef = "OBJ_6";
      };
      "OBJ_128" = {
         isa = "XCConfigurationList";
         buildConfigurations = (
            "OBJ_129",
            "OBJ_130"
         );
         defaultConfigurationIsVisible = "0";
         defaultConfigurationName = "Release";
      };
      "OBJ_129" = {
         isa = "XCBuildConfiguration";
         buildSettings = {
         };
         name = "Debug";
      };
      "OBJ_13" = {
         isa = "PBXGroup";
         children = (
            "OBJ_14",
            "OBJ_15"
         );
         name = "EastWindsTests";
         path = "Tests/EastWindsTests";
         sourceTree = "SOURCE_ROOT";
      };
      "OBJ_130" = {
         isa = "XCBuildConfiguration";
         buildSettings = {
         };
         name = "Release";
      };
      "OBJ_131" = {
         isa = "PBXTargetDependency";
         target = "EastWinds::EastWindsTests";
      };
      "OBJ_133" = {
         isa = "XCConfigurationList";
         buildConfigurations = (
            "OBJ_134",
            "OBJ_135"
         );
         defaultConfigurationIsVisible = "0";
         defaultConfigurationName = "Release";
      };
      "OBJ_134" = {
         isa = "XCBuildConfiguration";
         buildSettings = {
            CLANG_ENABLE_MODULES = "YES";
            EMBEDDED_CONTENT_CONTAINS_SWIFT = "YES";
            FRAMEWORK_SEARCH_PATHS = (
               "$(inherited)",
               "$(PLATFORM_DIR)/Developer/Library/Frameworks"
            );
            HEADER_SEARCH_PATHS = (
               "$(inherited)",
               "$(SRCROOT)/.build/checkouts/Perfect-CMongo",
               "$(SRCROOT)/.build/checkouts/Perfect-CBSON"
            );
            INFOPLIST_FILE = "EastWinds.xcodeproj/EastWindsTests_Info.plist";
            IPHONEOS_DEPLOYMENT_TARGET = "8.0";
            LD_RUNPATH_SEARCH_PATHS = (
               "$(inherited)",
               "@loader_path/../Frameworks",
               "@loader_path/Frameworks"
            );
            MACOSX_DEPLOYMENT_TARGET = "10.10";
            OTHER_CFLAGS = (
               "$(inherited)",
               "-I/usr/local/Cellar/mongo-c-driver/1.14.0/include/libmongoc-1.0",
               "-I/usr/local/Cellar/mongo-c-driver/1.14.0/include/libbson-1.0",
               "-I/usr/local/Cellar/mongo-c-driver/1.14.0/include/libbson-1.0"
            );
            OTHER_LDFLAGS = (
               "$(inherited)",
               "-L/usr/local/Cellar/mongo-c-driver/1.14.0/lib",
               "-lmongoc-1.0",
               "-L/usr/local/Cellar/mongo-c-driver/1.14.0/lib",
               "-lbson-1.0",
               "-L/usr/local/Cellar/mongo-c-driver/1.14.0/lib",
               "-lbson-1.0"
            );
            OTHER_SWIFT_FLAGS = (
               "$(inherited)",
               "-I/usr/local/Cellar/mongo-c-driver/1.14.0/include/libmongoc-1.0",
               "-I/usr/local/Cellar/mongo-c-driver/1.14.0/include/libbson-1.0",
               "-I/usr/local/Cellar/mongo-c-driver/1.14.0/include/libbson-1.0"
            );
            SWIFT_ACTIVE_COMPILATION_CONDITIONS = (
               "$(inherited)"
            );
            SWIFT_VERSION = "5.0";
            TARGET_NAME = "EastWindsTests";
            TVOS_DEPLOYMENT_TARGET = "9.0";
            WATCHOS_DEPLOYMENT_TARGET = "2.0";
         };
         name = "Debug";
      };
      "OBJ_135" = {
         isa = "XCBuildConfiguration";
         buildSettings = {
            CLANG_ENABLE_MODULES = "YES";
            EMBEDDED_CONTENT_CONTAINS_SWIFT = "YES";
            FRAMEWORK_SEARCH_PATHS = (
               "$(inherited)",
               "$(PLATFORM_DIR)/Developer/Library/Frameworks"
            );
            HEADER_SEARCH_PATHS = (
               "$(inherited)",
               "$(SRCROOT)/.build/checkouts/Perfect-CMongo",
               "$(SRCROOT)/.build/checkouts/Perfect-CBSON"
            );
            INFOPLIST_FILE = "EastWinds.xcodeproj/EastWindsTests_Info.plist";
            IPHONEOS_DEPLOYMENT_TARGET = "8.0";
            LD_RUNPATH_SEARCH_PATHS = (
               "$(inherited)",
               "@loader_path/../Frameworks",
               "@loader_path/Frameworks"
            );
            MACOSX_DEPLOYMENT_TARGET = "10.10";
            OTHER_CFLAGS = (
               "$(inherited)",
               "-I/usr/local/Cellar/mongo-c-driver/1.14.0/include/libmongoc-1.0",
               "-I/usr/local/Cellar/mongo-c-driver/1.14.0/include/libbson-1.0",
               "-I/usr/local/Cellar/mongo-c-driver/1.14.0/include/libbson-1.0"
            );
            OTHER_LDFLAGS = (
               "$(inherited)",
               "-L/usr/local/Cellar/mongo-c-driver/1.14.0/lib",
               "-lmongoc-1.0",
               "-L/usr/local/Cellar/mongo-c-driver/1.14.0/lib",
               "-lbson-1.0",
               "-L/usr/local/Cellar/mongo-c-driver/1.14.0/lib",
               "-lbson-1.0"
            );
            OTHER_SWIFT_FLAGS = (
               "$(inherited)",
               "-I/usr/local/Cellar/mongo-c-driver/1.14.0/include/libmongoc-1.0",
               "-I/usr/local/Cellar/mongo-c-driver/1.14.0/include/libbson-1.0",
               "-I/usr/local/Cellar/mongo-c-driver/1.14.0/include/libbson-1.0"
            );
            SWIFT_ACTIVE_COMPILATION_CONDITIONS = (
               "$(inherited)"
            );
            SWIFT_VERSION = "5.0";
            TARGET_NAME = "EastWindsTests";
            TVOS_DEPLOYMENT_TARGET = "9.0";
            WATCHOS_DEPLOYMENT_TARGET = "2.0";
         };
         name = "Release";
      };
      "OBJ_136" = {
         isa = "PBXSourcesBuildPhase";
         files = (
            "OBJ_137",
            "OBJ_138"
         );
      };
      "OBJ_137" = {
         isa = "PBXBuildFile";
         fileRef = "OBJ_14";
      };
      "OBJ_138" = {
         isa = "PBXBuildFile";
         fileRef = "OBJ_15";
      };
      "OBJ_139" = {
         isa = "PBXFrameworksBuildPhase";
         files = (
            "OBJ_140",
            "OBJ_141",
            "OBJ_142",
            "OBJ_143",
            "OBJ_144"
         );
      };
      "OBJ_14" = {
         isa = "PBXFileReference";
         path = "EastWindsTests.swift";
         sourceTree = "<group>";
      };
      "OBJ_140" = {
         isa = "PBXBuildFile";
         fileRef = "SocketIO::SocketIO::Product";
      };
      "OBJ_141" = {
         isa = "PBXBuildFile";
         fileRef = "Starscream::Starscream::Product";
      };
      "OBJ_142" = {
         isa = "PBXBuildFile";
         fileRef = "PerfectMongoDB::PerfectMongoDB::Product";
      };
      "OBJ_143" = {
         isa = "PBXBuildFile";
         fileRef = "PerfectLib::PerfectLib::Product";
      };
      "OBJ_144" = {
         isa = "PBXBuildFile";
         fileRef = "PythonTool::PythonKit::Product";
      };
      "OBJ_145" = {
         isa = "PBXTargetDependency";
         target = "EastWinds::EastWinds";
      };
      "OBJ_146" = {
         isa = "PBXTargetDependency";
         target = "SocketIO::SocketIO";
      };
      "OBJ_147" = {
         isa = "PBXTargetDependency";
         target = "Starscream::Starscream";
      };
      "OBJ_148" = {
         isa = "PBXTargetDependency";
         target = "PerfectMongoDB::PerfectMongoDB";
      };
      "OBJ_149" = {
         isa = "PBXTargetDependency";
         target = "PerfectLib::PerfectLib";
      };
      "OBJ_15" = {
         isa = "PBXFileReference";
         path = "XCTestManifests.swift";
         sourceTree = "<group>";
      };
      "OBJ_150" = {
         isa = "PBXTargetDependency";
         target = "PythonTool::PythonKit";
      };
      "OBJ_151" = {
         isa = "XCConfigurationList";
         buildConfigurations = (
            "OBJ_152",
            "OBJ_153"
         );
         defaultConfigurationIsVisible = "0";
         defaultConfigurationName = "Release";
      };
      "OBJ_152" = {
         isa = "XCBuildConfiguration";
         buildSettings = {
            ENABLE_TESTABILITY = "YES";
            FRAMEWORK_SEARCH_PATHS = (
               "$(inherited)",
               "$(PLATFORM_DIR)/Developer/Library/Frameworks"
            );
            HEADER_SEARCH_PATHS = (
               "$(inherited)"
            );
            INFOPLIST_FILE = "EastWinds.xcodeproj/PerfectLib_Info.plist";
            LD_RUNPATH_SEARCH_PATHS = (
               "$(inherited)",
               "$(TOOLCHAIN_DIR)/usr/lib/swift/macosx"
            );
            OTHER_CFLAGS = (
               "$(inherited)"
            );
            OTHER_LDFLAGS = (
               "$(inherited)"
            );
            OTHER_SWIFT_FLAGS = (
               "$(inherited)"
            );
            PRODUCT_BUNDLE_IDENTIFIER = "PerfectLib";
            PRODUCT_MODULE_NAME = "$(TARGET_NAME:c99extidentifier)";
            PRODUCT_NAME = "$(TARGET_NAME:c99extidentifier)";
            SKIP_INSTALL = "YES";
            SWIFT_ACTIVE_COMPILATION_CONDITIONS = (
               "$(inherited)"
            );
            SWIFT_VERSION = "4.0";
            TARGET_NAME = "PerfectLib";
         };
         name = "Debug";
      };
      "OBJ_153" = {
         isa = "XCBuildConfiguration";
         buildSettings = {
            ENABLE_TESTABILITY = "YES";
            FRAMEWORK_SEARCH_PATHS = (
               "$(inherited)",
               "$(PLATFORM_DIR)/Developer/Library/Frameworks"
            );
            HEADER_SEARCH_PATHS = (
               "$(inherited)"
            );
            INFOPLIST_FILE = "EastWinds.xcodeproj/PerfectLib_Info.plist";
            LD_RUNPATH_SEARCH_PATHS = (
               "$(inherited)",
               "$(TOOLCHAIN_DIR)/usr/lib/swift/macosx"
            );
            OTHER_CFLAGS = (
               "$(inherited)"
            );
            OTHER_LDFLAGS = (
               "$(inherited)"
            );
            OTHER_SWIFT_FLAGS = (
               "$(inherited)"
            );
            PRODUCT_BUNDLE_IDENTIFIER = "PerfectLib";
            PRODUCT_MODULE_NAME = "$(TARGET_NAME:c99extidentifier)";
            PRODUCT_NAME = "$(TARGET_NAME:c99extidentifier)";
            SKIP_INSTALL = "YES";
            SWIFT_ACTIVE_COMPILATION_CONDITIONS = (
               "$(inherited)"
            );
            SWIFT_VERSION = "4.0";
            TARGET_NAME = "PerfectLib";
         };
         name = "Release";
      };
      "OBJ_154" = {
         isa = "PBXSourcesBuildPhase";
         files = (
            "OBJ_155",
            "OBJ_156",
            "OBJ_157",
            "OBJ_158",
            "OBJ_159",
            "OBJ_160",
            "OBJ_161",
            "OBJ_162",
            "OBJ_163"
         );
      };
      "OBJ_155" = {
         isa = "PBXBuildFile";
         fileRef = "OBJ_71";
      };
      "OBJ_156" = {
         isa = "PBXBuildFile";
         fileRef = "OBJ_72";
      };
      "OBJ_157" = {
         isa = "PBXBuildFile";
         fileRef = "OBJ_73";
      };
      "OBJ_158" = {
         isa = "PBXBuildFile";
         fileRef = "OBJ_74";
      };
      "OBJ_159" = {
         isa = "PBXBuildFile";
         fileRef = "OBJ_75";
      };
      "OBJ_16" = {
         isa = "PBXGroup";
         children = (
            "OBJ_17",
            "OBJ_51",
            "OBJ_58",
            "OBJ_69",
            "OBJ_81"
         );
         name = "Dependencies";
         path = "";
         sourceTree = "<group>";
      };
      "OBJ_160" = {
         isa = "PBXBuildFile";
         fileRef = "OBJ_76";
      };
      "OBJ_161" = {
         isa = "PBXBuildFile";
         fileRef = "OBJ_77";
      };
      "OBJ_162" = {
         isa = "PBXBuildFile";
         fileRef = "OBJ_78";
      };
      "OBJ_163" = {
         isa = "PBXBuildFile";
         fileRef = "OBJ_79";
      };
      "OBJ_164" = {
         isa = "PBXFrameworksBuildPhase";
         files = (
         );
      };
      "OBJ_166" = {
         isa = "XCConfigurationList";
         buildConfigurations = (
            "OBJ_167",
            "OBJ_168"
         );
         defaultConfigurationIsVisible = "0";
         defaultConfigurationName = "Release";
      };
      "OBJ_167" = {
         isa = "XCBuildConfiguration";
         buildSettings = {
            LD = "/usr/bin/true";
            OTHER_SWIFT_FLAGS = (
               "-swift-version",
               "4",
               "-I",
               "$(TOOLCHAIN_DIR)/usr/lib/swift/pm/4",
               "-target",
               "x86_64-apple-macosx10.10",
               "-sdk",
               "/Applications/Xcode.app/Contents/Developer/Platforms/MacOSX.platform/Developer/SDKs/MacOSX10.14.sdk"
            );
            SWIFT_VERSION = "4.0";
         };
         name = "Debug";
      };
      "OBJ_168" = {
         isa = "XCBuildConfiguration";
         buildSettings = {
            LD = "/usr/bin/true";
            OTHER_SWIFT_FLAGS = (
               "-swift-version",
               "4",
               "-I",
               "$(TOOLCHAIN_DIR)/usr/lib/swift/pm/4",
               "-target",
               "x86_64-apple-macosx10.10",
               "-sdk",
               "/Applications/Xcode.app/Contents/Developer/Platforms/MacOSX.platform/Developer/SDKs/MacOSX10.14.sdk"
            );
            SWIFT_VERSION = "4.0";
         };
         name = "Release";
      };
      "OBJ_169" = {
         isa = "PBXSourcesBuildPhase";
         files = (
            "OBJ_170"
         );
      };
      "OBJ_17" = {
         isa = "PBXGroup";
         children = (
            "OBJ_18",
            "OBJ_50"
         );
         name = "SocketIO 15.0.0";
         path = "";
         sourceTree = "SOURCE_ROOT";
      };
      "OBJ_170" = {
         isa = "PBXBuildFile";
         fileRef = "OBJ_80";
      };
      "OBJ_171" = {
         isa = "XCConfigurationList";
         buildConfigurations = (
            "OBJ_172",
            "OBJ_173"
         );
         defaultConfigurationIsVisible = "0";
         defaultConfigurationName = "Release";
      };
      "OBJ_172" = {
         isa = "XCBuildConfiguration";
         buildSettings = {
            ENABLE_TESTABILITY = "YES";
            FRAMEWORK_SEARCH_PATHS = (
               "$(inherited)",
               "$(PLATFORM_DIR)/Developer/Library/Frameworks"
            );
            HEADER_SEARCH_PATHS = (
               "$(inherited)",
               "$(SRCROOT)/.build/checkouts/Perfect-CMongo",
               "$(SRCROOT)/.build/checkouts/Perfect-CBSON"
            );
            INFOPLIST_FILE = "EastWinds.xcodeproj/PerfectMongoDB_Info.plist";
            LD_RUNPATH_SEARCH_PATHS = (
               "$(inherited)",
               "$(TOOLCHAIN_DIR)/usr/lib/swift/macosx"
            );
            OTHER_CFLAGS = (
               "$(inherited)",
               "-I/usr/local/Cellar/mongo-c-driver/1.14.0/include/libmongoc-1.0",
               "-I/usr/local/Cellar/mongo-c-driver/1.14.0/include/libbson-1.0",
               "-I/usr/local/Cellar/mongo-c-driver/1.14.0/include/libbson-1.0"
            );
            OTHER_LDFLAGS = (
               "$(inherited)",
               "-L/usr/local/Cellar/mongo-c-driver/1.14.0/lib",
               "-lmongoc-1.0",
               "-L/usr/local/Cellar/mongo-c-driver/1.14.0/lib",
               "-lbson-1.0",
               "-L/usr/local/Cellar/mongo-c-driver/1.14.0/lib",
               "-lbson-1.0"
            );
            OTHER_SWIFT_FLAGS = (
               "$(inherited)",
               "-I/usr/local/Cellar/mongo-c-driver/1.14.0/include/libmongoc-1.0",
               "-I/usr/local/Cellar/mongo-c-driver/1.14.0/include/libbson-1.0",
               "-I/usr/local/Cellar/mongo-c-driver/1.14.0/include/libbson-1.0"
            );
            PRODUCT_BUNDLE_IDENTIFIER = "PerfectMongoDB";
            PRODUCT_MODULE_NAME = "$(TARGET_NAME:c99extidentifier)";
            PRODUCT_NAME = "$(TARGET_NAME:c99extidentifier)";
            SKIP_INSTALL = "YES";
            SWIFT_ACTIVE_COMPILATION_CONDITIONS = (
               "$(inherited)"
            );
            SWIFT_VERSION = "4.0";
            TARGET_NAME = "PerfectMongoDB";
         };
         name = "Debug";
      };
      "OBJ_173" = {
         isa = "XCBuildConfiguration";
         buildSettings = {
            ENABLE_TESTABILITY = "YES";
            FRAMEWORK_SEARCH_PATHS = (
               "$(inherited)",
               "$(PLATFORM_DIR)/Developer/Library/Frameworks"
            );
            HEADER_SEARCH_PATHS = (
               "$(inherited)",
               "$(SRCROOT)/.build/checkouts/Perfect-CMongo",
               "$(SRCROOT)/.build/checkouts/Perfect-CBSON"
            );
            INFOPLIST_FILE = "EastWinds.xcodeproj/PerfectMongoDB_Info.plist";
            LD_RUNPATH_SEARCH_PATHS = (
               "$(inherited)",
               "$(TOOLCHAIN_DIR)/usr/lib/swift/macosx"
            );
            OTHER_CFLAGS = (
               "$(inherited)",
               "-I/usr/local/Cellar/mongo-c-driver/1.14.0/include/libmongoc-1.0",
               "-I/usr/local/Cellar/mongo-c-driver/1.14.0/include/libbson-1.0",
               "-I/usr/local/Cellar/mongo-c-driver/1.14.0/include/libbson-1.0"
            );
            OTHER_LDFLAGS = (
               "$(inherited)",
               "-L/usr/local/Cellar/mongo-c-driver/1.14.0/lib",
               "-lmongoc-1.0",
               "-L/usr/local/Cellar/mongo-c-driver/1.14.0/lib",
               "-lbson-1.0",
               "-L/usr/local/Cellar/mongo-c-driver/1.14.0/lib",
               "-lbson-1.0"
            );
            OTHER_SWIFT_FLAGS = (
               "$(inherited)",
               "-I/usr/local/Cellar/mongo-c-driver/1.14.0/include/libmongoc-1.0",
               "-I/usr/local/Cellar/mongo-c-driver/1.14.0/include/libbson-1.0",
               "-I/usr/local/Cellar/mongo-c-driver/1.14.0/include/libbson-1.0"
            );
            PRODUCT_BUNDLE_IDENTIFIER = "PerfectMongoDB";
            PRODUCT_MODULE_NAME = "$(TARGET_NAME:c99extidentifier)";
            PRODUCT_NAME = "$(TARGET_NAME:c99extidentifier)";
            SKIP_INSTALL = "YES";
            SWIFT_ACTIVE_COMPILATION_CONDITIONS = (
               "$(inherited)"
            );
            SWIFT_VERSION = "4.0";
            TARGET_NAME = "PerfectMongoDB";
         };
         name = "Release";
      };
      "OBJ_174" = {
         isa = "PBXSourcesBuildPhase";
         files = (
            "OBJ_175",
            "OBJ_176",
            "OBJ_177",
            "OBJ_178",
            "OBJ_179",
            "OBJ_180",
            "OBJ_181",
            "OBJ_182"
         );
      };
      "OBJ_175" = {
         isa = "PBXBuildFile";
         fileRef = "OBJ_60";
      };
      "OBJ_176" = {
         isa = "PBXBuildFile";
         fileRef = "OBJ_61";
      };
      "OBJ_177" = {
         isa = "PBXBuildFile";
         fileRef = "OBJ_62";
      };
      "OBJ_178" = {
         isa = "PBXBuildFile";
         fileRef = "OBJ_63";
      };
      "OBJ_179" = {
         isa = "PBXBuildFile";
         fileRef = "OBJ_64";
      };
      "OBJ_18" = {
         isa = "PBXGroup";
         children = (
            "OBJ_19",
            "OBJ_22",
            "OBJ_31",
            "OBJ_38",
            "OBJ_41",
            "OBJ_44"
         );
         name = "SocketIO";
         path = ".build/checkouts/socket.io-client-swift/Source/SocketIO";
         sourceTree = "SOURCE_ROOT";
      };
      "OBJ_180" = {
         isa = "PBXBuildFile";
         fileRef = "OBJ_65";
      };
      "OBJ_181" = {
         isa = "PBXBuildFile";
         fileRef = "OBJ_66";
      };
      "OBJ_182" = {
         isa = "PBXBuildFile";
         fileRef = "OBJ_67";
      };
      "OBJ_183" = {
         isa = "PBXFrameworksBuildPhase";
         files = (
            "OBJ_184"
         );
      };
      "OBJ_184" = {
         isa = "PBXBuildFile";
         fileRef = "PerfectLib::PerfectLib::Product";
      };
      "OBJ_185" = {
         isa = "PBXTargetDependency";
         target = "PerfectLib::PerfectLib";
      };
      "OBJ_187" = {
         isa = "XCConfigurationList";
         buildConfigurations = (
            "OBJ_188",
            "OBJ_189"
         );
         defaultConfigurationIsVisible = "0";
         defaultConfigurationName = "Release";
      };
      "OBJ_188" = {
         isa = "XCBuildConfiguration";
         buildSettings = {
            LD = "/usr/bin/true";
            OTHER_SWIFT_FLAGS = (
               "-swift-version",
               "4",
               "-I",
               "$(TOOLCHAIN_DIR)/usr/lib/swift/pm/4",
               "-target",
               "x86_64-apple-macosx10.10",
               "-sdk",
               "/Applications/Xcode.app/Contents/Developer/Platforms/MacOSX.platform/Developer/SDKs/MacOSX10.14.sdk"
            );
            SWIFT_VERSION = "4.0";
         };
         name = "Debug";
      };
      "OBJ_189" = {
         isa = "XCBuildConfiguration";
         buildSettings = {
            LD = "/usr/bin/true";
            OTHER_SWIFT_FLAGS = (
               "-swift-version",
               "4",
               "-I",
               "$(TOOLCHAIN_DIR)/usr/lib/swift/pm/4",
               "-target",
               "x86_64-apple-macosx10.10",
               "-sdk",
               "/Applications/Xcode.app/Contents/Developer/Platforms/MacOSX.platform/Developer/SDKs/MacOSX10.14.sdk"
            );
            SWIFT_VERSION = "4.0";
         };
         name = "Release";
      };
      "OBJ_19" = {
         isa = "PBXGroup";
         children = (
            "OBJ_20",
            "OBJ_21"
         );
         name = "Ack";
         path = "Ack";
         sourceTree = "<group>";
      };
      "OBJ_190" = {
         isa = "PBXSourcesBuildPhase";
         files = (
            "OBJ_191"
         );
      };
      "OBJ_191" = {
         isa = "PBXBuildFile";
         fileRef = "OBJ_68";
      };
      "OBJ_192" = {
         isa = "XCConfigurationList";
         buildConfigurations = (
            "OBJ_193",
            "OBJ_194"
         );
         defaultConfigurationIsVisible = "0";
         defaultConfigurationName = "Release";
      };
      "OBJ_193" = {
         isa = "XCBuildConfiguration";
         buildSettings = {
            ENABLE_TESTABILITY = "YES";
            FRAMEWORK_SEARCH_PATHS = (
               "$(inherited)",
               "$(PLATFORM_DIR)/Developer/Library/Frameworks"
            );
            HEADER_SEARCH_PATHS = (
               "$(inherited)"
            );
            INFOPLIST_FILE = "EastWinds.xcodeproj/PythonKit_Info.plist";
            IPHONEOS_DEPLOYMENT_TARGET = "8.0";
            LD_RUNPATH_SEARCH_PATHS = (
               "$(inherited)",
               "$(TOOLCHAIN_DIR)/usr/lib/swift/macosx"
            );
            MACOSX_DEPLOYMENT_TARGET = "10.10";
            OTHER_CFLAGS = (
               "$(inherited)"
            );
            OTHER_LDFLAGS = (
               "$(inherited)"
            );
            OTHER_SWIFT_FLAGS = (
               "$(inherited)"
            );
            PRODUCT_BUNDLE_IDENTIFIER = "PythonKit";
            PRODUCT_MODULE_NAME = "$(TARGET_NAME:c99extidentifier)";
            PRODUCT_NAME = "$(TARGET_NAME:c99extidentifier)";
            SKIP_INSTALL = "YES";
            SWIFT_ACTIVE_COMPILATION_CONDITIONS = (
               "$(inherited)"
            );
            SWIFT_VERSION = "5.0";
            TARGET_NAME = "PythonKit";
            TVOS_DEPLOYMENT_TARGET = "9.0";
            WATCHOS_DEPLOYMENT_TARGET = "2.0";
         };
         name = "Debug";
      };
      "OBJ_194" = {
         isa = "XCBuildConfiguration";
         buildSettings = {
            ENABLE_TESTABILITY = "YES";
            FRAMEWORK_SEARCH_PATHS = (
               "$(inherited)",
               "$(PLATFORM_DIR)/Developer/Library/Frameworks"
            );
            HEADER_SEARCH_PATHS = (
               "$(inherited)"
            );
            INFOPLIST_FILE = "EastWinds.xcodeproj/PythonKit_Info.plist";
            IPHONEOS_DEPLOYMENT_TARGET = "8.0";
            LD_RUNPATH_SEARCH_PATHS = (
               "$(inherited)",
               "$(TOOLCHAIN_DIR)/usr/lib/swift/macosx"
            );
            MACOSX_DEPLOYMENT_TARGET = "10.10";
            OTHER_CFLAGS = (
               "$(inherited)"
            );
            OTHER_LDFLAGS = (
               "$(inherited)"
            );
            OTHER_SWIFT_FLAGS = (
               "$(inherited)"
            );
            PRODUCT_BUNDLE_IDENTIFIER = "PythonKit";
            PRODUCT_MODULE_NAME = "$(TARGET_NAME:c99extidentifier)";
            PRODUCT_NAME = "$(TARGET_NAME:c99extidentifier)";
            SKIP_INSTALL = "YES";
            SWIFT_ACTIVE_COMPILATION_CONDITIONS = (
               "$(inherited)"
            );
            SWIFT_VERSION = "5.0";
            TARGET_NAME = "PythonKit";
            TVOS_DEPLOYMENT_TARGET = "9.0";
            WATCHOS_DEPLOYMENT_TARGET = "2.0";
         };
         name = "Release";
      };
      "OBJ_195" = {
         isa = "PBXSourcesBuildPhase";
         files = (
            "OBJ_196",
            "OBJ_197",
            "OBJ_198",
            "OBJ_199"
         );
      };
      "OBJ_196" = {
         isa = "PBXBuildFile";
         fileRef = "OBJ_83";
      };
      "OBJ_197" = {
         isa = "PBXBuildFile";
         fileRef = "OBJ_84";
      };
      "OBJ_198" = {
         isa = "PBXBuildFile";
         fileRef = "OBJ_85";
      };
      "OBJ_199" = {
         isa = "PBXBuildFile";
         fileRef = "OBJ_86";
      };
      "OBJ_2" = {
         isa = "XCConfigurationList";
         buildConfigurations = (
            "OBJ_3",
            "OBJ_4"
         );
         defaultConfigurationIsVisible = "0";
         defaultConfigurationName = "Release";
      };
      "OBJ_20" = {
         isa = "PBXFileReference";
         path = "SocketAckEmitter.swift";
         sourceTree = "<group>";
      };
      "OBJ_200" = {
         isa = "PBXFrameworksBuildPhase";
         files = (
         );
      };
      "OBJ_202" = {
         isa = "XCConfigurationList";
         buildConfigurations = (
            "OBJ_203",
            "OBJ_204"
         );
         defaultConfigurationIsVisible = "0";
         defaultConfigurationName = "Release";
      };
      "OBJ_203" = {
         isa = "XCBuildConfiguration";
         buildSettings = {
            LD = "/usr/bin/true";
            OTHER_SWIFT_FLAGS = (
               "-swift-version",
               "5",
               "-I",
               "$(TOOLCHAIN_DIR)/usr/lib/swift/pm/4_2",
               "-target",
               "x86_64-apple-macosx10.10",
               "-sdk",
               "/Applications/Xcode.app/Contents/Developer/Platforms/MacOSX.platform/Developer/SDKs/MacOSX10.14.sdk"
            );
            SWIFT_VERSION = "5.0";
         };
         name = "Debug";
      };
      "OBJ_204" = {
         isa = "XCBuildConfiguration";
         buildSettings = {
            LD = "/usr/bin/true";
            OTHER_SWIFT_FLAGS = (
               "-swift-version",
               "5",
               "-I",
               "$(TOOLCHAIN_DIR)/usr/lib/swift/pm/4_2",
               "-target",
               "x86_64-apple-macosx10.10",
               "-sdk",
               "/Applications/Xcode.app/Contents/Developer/Platforms/MacOSX.platform/Developer/SDKs/MacOSX10.14.sdk"
            );
            SWIFT_VERSION = "5.0";
         };
         name = "Release";
      };
      "OBJ_205" = {
         isa = "PBXSourcesBuildPhase";
         files = (
            "OBJ_206"
         );
      };
      "OBJ_206" = {
         isa = "PBXBuildFile";
         fileRef = "OBJ_88";
      };
      "OBJ_207" = {
         isa = "XCConfigurationList";
         buildConfigurations = (
            "OBJ_208",
            "OBJ_209"
         );
         defaultConfigurationIsVisible = "0";
         defaultConfigurationName = "Release";
      };
      "OBJ_208" = {
         isa = "XCBuildConfiguration";
         buildSettings = {
            ENABLE_TESTABILITY = "YES";
            FRAMEWORK_SEARCH_PATHS = (
               "$(inherited)",
               "$(PLATFORM_DIR)/Developer/Library/Frameworks"
            );
            HEADER_SEARCH_PATHS = (
               "$(inherited)"
            );
            INFOPLIST_FILE = "EastWinds.xcodeproj/SocketIO_Info.plist";
            IPHONEOS_DEPLOYMENT_TARGET = "8.0";
            LD_RUNPATH_SEARCH_PATHS = (
               "$(inherited)",
               "$(TOOLCHAIN_DIR)/usr/lib/swift/macosx"
            );
            MACOSX_DEPLOYMENT_TARGET = "10.10";
            OTHER_CFLAGS = (
               "$(inherited)"
            );
            OTHER_LDFLAGS = (
               "$(inherited)"
            );
            OTHER_SWIFT_FLAGS = (
               "$(inherited)"
            );
            PRODUCT_BUNDLE_IDENTIFIER = "SocketIO";
            PRODUCT_MODULE_NAME = "$(TARGET_NAME:c99extidentifier)";
            PRODUCT_NAME = "$(TARGET_NAME:c99extidentifier)";
            SKIP_INSTALL = "YES";
            SWIFT_ACTIVE_COMPILATION_CONDITIONS = (
               "$(inherited)"
            );
            SWIFT_VERSION = "5.0";
            TARGET_NAME = "SocketIO";
            TVOS_DEPLOYMENT_TARGET = "9.0";
            WATCHOS_DEPLOYMENT_TARGET = "2.0";
         };
         name = "Debug";
      };
      "OBJ_209" = {
         isa = "XCBuildConfiguration";
         buildSettings = {
            ENABLE_TESTABILITY = "YES";
            FRAMEWORK_SEARCH_PATHS = (
               "$(inherited)",
               "$(PLATFORM_DIR)/Developer/Library/Frameworks"
            );
            HEADER_SEARCH_PATHS = (
               "$(inherited)"
            );
            INFOPLIST_FILE = "EastWinds.xcodeproj/SocketIO_Info.plist";
            IPHONEOS_DEPLOYMENT_TARGET = "8.0";
            LD_RUNPATH_SEARCH_PATHS = (
               "$(inherited)",
               "$(TOOLCHAIN_DIR)/usr/lib/swift/macosx"
            );
            MACOSX_DEPLOYMENT_TARGET = "10.10";
            OTHER_CFLAGS = (
               "$(inherited)"
            );
            OTHER_LDFLAGS = (
               "$(inherited)"
            );
            OTHER_SWIFT_FLAGS = (
               "$(inherited)"
            );
            PRODUCT_BUNDLE_IDENTIFIER = "SocketIO";
            PRODUCT_MODULE_NAME = "$(TARGET_NAME:c99extidentifier)";
            PRODUCT_NAME = "$(TARGET_NAME:c99extidentifier)";
            SKIP_INSTALL = "YES";
            SWIFT_ACTIVE_COMPILATION_CONDITIONS = (
               "$(inherited)"
            );
            SWIFT_VERSION = "5.0";
            TARGET_NAME = "SocketIO";
            TVOS_DEPLOYMENT_TARGET = "9.0";
            WATCHOS_DEPLOYMENT_TARGET = "2.0";
         };
         name = "Release";
      };
      "OBJ_21" = {
         isa = "PBXFileReference";
         path = "SocketAckManager.swift";
         sourceTree = "<group>";
      };
      "OBJ_210" = {
         isa = "PBXSourcesBuildPhase";
         files = (
            "OBJ_211",
            "OBJ_212",
            "OBJ_213",
            "OBJ_214",
            "OBJ_215",
            "OBJ_216",
            "OBJ_217",
            "OBJ_218",
            "OBJ_219",
            "OBJ_220",
            "OBJ_221",
            "OBJ_222",
            "OBJ_223",
            "OBJ_224",
            "OBJ_225",
            "OBJ_226",
            "OBJ_227",
            "OBJ_228",
            "OBJ_229",
            "OBJ_230",
            "OBJ_231",
            "OBJ_232",
            "OBJ_233",
            "OBJ_234",
            "OBJ_235"
         );
      };
      "OBJ_211" = {
         isa = "PBXBuildFile";
         fileRef = "OBJ_20";
      };
      "OBJ_212" = {
         isa = "PBXBuildFile";
         fileRef = "OBJ_21";
      };
      "OBJ_213" = {
         isa = "PBXBuildFile";
         fileRef = "OBJ_23";
      };
      "OBJ_214" = {
         isa = "PBXBuildFile";
         fileRef = "OBJ_24";
      };
      "OBJ_215" = {
         isa = "PBXBuildFile";
         fileRef = "OBJ_25";
      };
      "OBJ_216" = {
         isa = "PBXBuildFile";
         fileRef = "OBJ_26";
      };
      "OBJ_217" = {
         isa = "PBXBuildFile";
         fileRef = "OBJ_27";
      };
      "OBJ_218" = {
         isa = "PBXBuildFile";
         fileRef = "OBJ_28";
      };
      "OBJ_219" = {
         isa = "PBXBuildFile";
         fileRef = "OBJ_29";
      };
      "OBJ_22" = {
         isa = "PBXGroup";
         children = (
            "OBJ_23",
            "OBJ_24",
            "OBJ_25",
            "OBJ_26",
            "OBJ_27",
            "OBJ_28",
            "OBJ_29",
            "OBJ_30"
         );
         name = "Client";
         path = "Client";
         sourceTree = "<group>";
      };
      "OBJ_220" = {
         isa = "PBXBuildFile";
         fileRef = "OBJ_30";
      };
      "OBJ_221" = {
         isa = "PBXBuildFile";
         fileRef = "OBJ_32";
      };
      "OBJ_222" = {
         isa = "PBXBuildFile";
         fileRef = "OBJ_33";
      };
      "OBJ_223" = {
         isa = "PBXBuildFile";
         fileRef = "OBJ_34";
      };
      "OBJ_224" = {
         isa = "PBXBuildFile";
         fileRef = "OBJ_35";
      };
      "OBJ_225" = {
         isa = "PBXBuildFile";
         fileRef = "OBJ_36";
      };
      "OBJ_226" = {
         isa = "PBXBuildFile";
         fileRef = "OBJ_37";
      };
      "OBJ_227" = {
         isa = "PBXBuildFile";
         fileRef = "OBJ_39";
      };
      "OBJ_228" = {
         isa = "PBXBuildFile";
         fileRef = "OBJ_40";
      };
      "OBJ_229" = {
         isa = "PBXBuildFile";
         fileRef = "OBJ_42";
      };
      "OBJ_23" = {
         isa = "PBXFileReference";
         path = "SocketAnyEvent.swift";
         sourceTree = "<group>";
      };
      "OBJ_230" = {
         isa = "PBXBuildFile";
         fileRef = "OBJ_43";
      };
      "OBJ_231" = {
         isa = "PBXBuildFile";
         fileRef = "OBJ_45";
      };
      "OBJ_232" = {
         isa = "PBXBuildFile";
         fileRef = "OBJ_46";
      };
      "OBJ_233" = {
         isa = "PBXBuildFile";
         fileRef = "OBJ_47";
      };
      "OBJ_234" = {
         isa = "PBXBuildFile";
         fileRef = "OBJ_48";
      };
      "OBJ_235" = {
         isa = "PBXBuildFile";
         fileRef = "OBJ_49";
      };
      "OBJ_236" = {
         isa = "PBXFrameworksBuildPhase";
         files = (
            "OBJ_237"
         );
      };
      "OBJ_237" = {
         isa = "PBXBuildFile";
         fileRef = "Starscream::Starscream::Product";
      };
      "OBJ_238" = {
         isa = "PBXTargetDependency";
         target = "Starscream::Starscream";
      };
      "OBJ_24" = {
         isa = "PBXFileReference";
         path = "SocketEventHandler.swift";
         sourceTree = "<group>";
      };
      "OBJ_240" = {
         isa = "XCConfigurationList";
         buildConfigurations = (
            "OBJ_241",
            "OBJ_242"
         );
         defaultConfigurationIsVisible = "0";
         defaultConfigurationName = "Release";
      };
      "OBJ_241" = {
         isa = "XCBuildConfiguration";
         buildSettings = {
            LD = "/usr/bin/true";
            OTHER_SWIFT_FLAGS = (
               "-swift-version",
               "5",
               "-I",
               "$(TOOLCHAIN_DIR)/usr/lib/swift/pm/4_2",
               "-target",
               "x86_64-apple-macosx10.10",
               "-sdk",
               "/Applications/Xcode.app/Contents/Developer/Platforms/MacOSX.platform/Developer/SDKs/MacOSX10.14.sdk"
            );
            SWIFT_VERSION = "5.0";
         };
         name = "Debug";
      };
      "OBJ_242" = {
         isa = "XCBuildConfiguration";
         buildSettings = {
            LD = "/usr/bin/true";
            OTHER_SWIFT_FLAGS = (
               "-swift-version",
               "5",
               "-I",
               "$(TOOLCHAIN_DIR)/usr/lib/swift/pm/4_2",
               "-target",
               "x86_64-apple-macosx10.10",
               "-sdk",
               "/Applications/Xcode.app/Contents/Developer/Platforms/MacOSX.platform/Developer/SDKs/MacOSX10.14.sdk"
            );
            SWIFT_VERSION = "5.0";
         };
         name = "Release";
      };
      "OBJ_243" = {
         isa = "PBXSourcesBuildPhase";
         files = (
            "OBJ_244"
         );
      };
      "OBJ_244" = {
         isa = "PBXBuildFile";
         fileRef = "OBJ_50";
      };
      "OBJ_245" = {
         isa = "XCConfigurationList";
         buildConfigurations = (
            "OBJ_246",
            "OBJ_247"
         );
         defaultConfigurationIsVisible = "0";
         defaultConfigurationName = "Release";
      };
      "OBJ_246" = {
         isa = "XCBuildConfiguration";
         buildSettings = {
            ENABLE_TESTABILITY = "YES";
            FRAMEWORK_SEARCH_PATHS = (
               "$(inherited)",
               "$(PLATFORM_DIR)/Developer/Library/Frameworks"
            );
            HEADER_SEARCH_PATHS = (
               "$(inherited)"
            );
            INFOPLIST_FILE = "EastWinds.xcodeproj/Starscream_Info.plist";
            LD_RUNPATH_SEARCH_PATHS = (
               "$(inherited)",
               "$(TOOLCHAIN_DIR)/usr/lib/swift/macosx"
            );
            OTHER_CFLAGS = (
               "$(inherited)"
            );
            OTHER_LDFLAGS = (
               "$(inherited)"
            );
            OTHER_SWIFT_FLAGS = (
               "$(inherited)"
            );
            PRODUCT_BUNDLE_IDENTIFIER = "Starscream";
            PRODUCT_MODULE_NAME = "$(TARGET_NAME:c99extidentifier)";
            PRODUCT_NAME = "$(TARGET_NAME:c99extidentifier)";
            SKIP_INSTALL = "YES";
            SWIFT_ACTIVE_COMPILATION_CONDITIONS = (
               "$(inherited)"
            );
            SWIFT_VERSION = "4.2";
            TARGET_NAME = "Starscream";
         };
         name = "Debug";
      };
      "OBJ_247" = {
         isa = "XCBuildConfiguration";
         buildSettings = {
            ENABLE_TESTABILITY = "YES";
            FRAMEWORK_SEARCH_PATHS = (
               "$(inherited)",
               "$(PLATFORM_DIR)/Developer/Library/Frameworks"
            );
            HEADER_SEARCH_PATHS = (
               "$(inherited)"
            );
            INFOPLIST_FILE = "EastWinds.xcodeproj/Starscream_Info.plist";
            LD_RUNPATH_SEARCH_PATHS = (
               "$(inherited)",
               "$(TOOLCHAIN_DIR)/usr/lib/swift/macosx"
            );
            OTHER_CFLAGS = (
               "$(inherited)"
            );
            OTHER_LDFLAGS = (
               "$(inherited)"
            );
            OTHER_SWIFT_FLAGS = (
               "$(inherited)"
            );
            PRODUCT_BUNDLE_IDENTIFIER = "Starscream";
            PRODUCT_MODULE_NAME = "$(TARGET_NAME:c99extidentifier)";
            PRODUCT_NAME = "$(TARGET_NAME:c99extidentifier)";
            SKIP_INSTALL = "YES";
            SWIFT_ACTIVE_COMPILATION_CONDITIONS = (
               "$(inherited)"
            );
            SWIFT_VERSION = "4.2";
            TARGET_NAME = "Starscream";
         };
         name = "Release";
      };
      "OBJ_248" = {
         isa = "PBXSourcesBuildPhase";
         files = (
            "OBJ_249",
            "OBJ_250",
            "OBJ_251",
            "OBJ_252"
         );
      };
      "OBJ_249" = {
         isa = "PBXBuildFile";
         fileRef = "OBJ_53";
      };
      "OBJ_25" = {
         isa = "PBXFileReference";
         path = "SocketIOClient.swift";
         sourceTree = "<group>";
      };
      "OBJ_250" = {
         isa = "PBXBuildFile";
         fileRef = "OBJ_54";
      };
      "OBJ_251" = {
         isa = "PBXBuildFile";
         fileRef = "OBJ_55";
      };
      "OBJ_252" = {
         isa = "PBXBuildFile";
         fileRef = "OBJ_56";
      };
      "OBJ_253" = {
         isa = "PBXFrameworksBuildPhase";
         files = (
         );
      };
      "OBJ_255" = {
         isa = "XCConfigurationList";
         buildConfigurations = (
            "OBJ_256",
            "OBJ_257"
         );
         defaultConfigurationIsVisible = "0";
         defaultConfigurationName = "Release";
      };
      "OBJ_256" = {
         isa = "XCBuildConfiguration";
         buildSettings = {
            LD = "/usr/bin/true";
            OTHER_SWIFT_FLAGS = (
               "-swift-version",
               "4.2",
               "-I",
               "$(TOOLCHAIN_DIR)/usr/lib/swift/pm/4_2",
               "-target",
               "x86_64-apple-macosx10.10",
               "-sdk",
               "/Applications/Xcode.app/Contents/Developer/Platforms/MacOSX.platform/Developer/SDKs/MacOSX10.14.sdk"
            );
            SWIFT_VERSION = "4.2";
         };
         name = "Debug";
      };
      "OBJ_257" = {
         isa = "XCBuildConfiguration";
         buildSettings = {
            LD = "/usr/bin/true";
            OTHER_SWIFT_FLAGS = (
               "-swift-version",
               "4.2",
               "-I",
               "$(TOOLCHAIN_DIR)/usr/lib/swift/pm/4_2",
               "-target",
               "x86_64-apple-macosx10.10",
               "-sdk",
               "/Applications/Xcode.app/Contents/Developer/Platforms/MacOSX.platform/Developer/SDKs/MacOSX10.14.sdk"
            );
            SWIFT_VERSION = "4.2";
         };
         name = "Release";
      };
      "OBJ_258" = {
         isa = "PBXSourcesBuildPhase";
         files = (
            "OBJ_259"
         );
      };
      "OBJ_259" = {
         isa = "PBXBuildFile";
         fileRef = "OBJ_57";
      };
      "OBJ_26" = {
         isa = "PBXFileReference";
         path = "SocketIOClientConfiguration.swift";
         sourceTree = "<group>";
      };
      "OBJ_27" = {
         isa = "PBXFileReference";
         path = "SocketIOClientOption.swift";
         sourceTree = "<group>";
      };
      "OBJ_28" = {
         isa = "PBXFileReference";
         path = "SocketIOClientSpec.swift";
         sourceTree = "<group>";
      };
      "OBJ_29" = {
         isa = "PBXFileReference";
         path = "SocketIOStatus.swift";
         sourceTree = "<group>";
      };
      "OBJ_3" = {
         isa = "XCBuildConfiguration";
         buildSettings = {
            CLANG_ENABLE_OBJC_ARC = "YES";
            COMBINE_HIDPI_IMAGES = "YES";
            COPY_PHASE_STRIP = "NO";
            DEBUG_INFORMATION_FORMAT = "dwarf";
            DYLIB_INSTALL_NAME_BASE = "@rpath";
            ENABLE_NS_ASSERTIONS = "YES";
            GCC_OPTIMIZATION_LEVEL = "0";
            GCC_PREPROCESSOR_DEFINITIONS = (
               "$(inherited)",
               "SWIFT_PACKAGE=1",
               "DEBUG=1"
            );
            MACOSX_DEPLOYMENT_TARGET = "10.10";
            ONLY_ACTIVE_ARCH = "YES";
            OTHER_SWIFT_FLAGS = (
               "-DXcode"
            );
            PRODUCT_NAME = "$(TARGET_NAME)";
            SDKROOT = "macosx";
            SUPPORTED_PLATFORMS = (
               "macosx",
               "iphoneos",
               "iphonesimulator",
               "appletvos",
               "appletvsimulator",
               "watchos",
               "watchsimulator"
            );
            SWIFT_ACTIVE_COMPILATION_CONDITIONS = (
               "$(inherited)",
               "SWIFT_PACKAGE",
               "DEBUG"
            );
            SWIFT_OPTIMIZATION_LEVEL = "-Onone";
            USE_HEADERMAP = "NO";
         };
         name = "Debug";
      };
      "OBJ_30" = {
         isa = "PBXFileReference";
         path = "SocketRawView.swift";
         sourceTree = "<group>";
      };
      "OBJ_31" = {
         isa = "PBXGroup";
         children = (
            "OBJ_32",
            "OBJ_33",
            "OBJ_34",
            "OBJ_35",
            "OBJ_36",
            "OBJ_37"
         );
         name = "Engine";
         path = "Engine";
         sourceTree = "<group>";
      };
      "OBJ_32" = {
         isa = "PBXFileReference";
         path = "SocketEngine.swift";
         sourceTree = "<group>";
      };
      "OBJ_33" = {
         isa = "PBXFileReference";
         path = "SocketEngineClient.swift";
         sourceTree = "<group>";
      };
      "OBJ_34" = {
         isa = "PBXFileReference";
         path = "SocketEnginePacketType.swift";
         sourceTree = "<group>";
      };
      "OBJ_35" = {
         isa = "PBXFileReference";
         path = "SocketEnginePollable.swift";
         sourceTree = "<group>";
      };
      "OBJ_36" = {
         isa = "PBXFileReference";
         path = "SocketEngineSpec.swift";
         sourceTree = "<group>";
      };
      "OBJ_37" = {
         isa = "PBXFileReference";
         path = "SocketEngineWebsocket.swift";
         sourceTree = "<group>";
      };
      "OBJ_38" = {
         isa = "PBXGroup";
         children = (
            "OBJ_39",
            "OBJ_40"
         );
         name = "Manager";
         path = "Manager";
         sourceTree = "<group>";
      };
      "OBJ_39" = {
         isa = "PBXFileReference";
         path = "SocketManager.swift";
         sourceTree = "<group>";
      };
      "OBJ_4" = {
         isa = "XCBuildConfiguration";
         buildSettings = {
            CLANG_ENABLE_OBJC_ARC = "YES";
            COMBINE_HIDPI_IMAGES = "YES";
            COPY_PHASE_STRIP = "YES";
            DEBUG_INFORMATION_FORMAT = "dwarf-with-dsym";
            DYLIB_INSTALL_NAME_BASE = "@rpath";
            GCC_OPTIMIZATION_LEVEL = "s";
            GCC_PREPROCESSOR_DEFINITIONS = (
               "$(inherited)",
               "SWIFT_PACKAGE=1"
            );
            MACOSX_DEPLOYMENT_TARGET = "10.10";
            OTHER_SWIFT_FLAGS = (
               "-DXcode"
            );
            PRODUCT_NAME = "$(TARGET_NAME)";
            SDKROOT = "macosx";
            SUPPORTED_PLATFORMS = (
               "macosx",
               "iphoneos",
               "iphonesimulator",
               "appletvos",
               "appletvsimulator",
               "watchos",
               "watchsimulator"
            );
            SWIFT_ACTIVE_COMPILATION_CONDITIONS = (
               "$(inherited)",
               "SWIFT_PACKAGE"
            );
            SWIFT_OPTIMIZATION_LEVEL = "-Owholemodule";
            USE_HEADERMAP = "NO";
         };
         name = "Release";
      };
      "OBJ_40" = {
         isa = "PBXFileReference";
         path = "SocketManagerSpec.swift";
         sourceTree = "<group>";
      };
      "OBJ_41" = {
         isa = "PBXGroup";
         children = (
            "OBJ_42",
            "OBJ_43"
         );
         name = "Parse";
         path = "Parse";
         sourceTree = "<group>";
      };
      "OBJ_42" = {
         isa = "PBXFileReference";
         path = "SocketPacket.swift";
         sourceTree = "<group>";
      };
      "OBJ_43" = {
         isa = "PBXFileReference";
         path = "SocketParsable.swift";
         sourceTree = "<group>";
      };
      "OBJ_44" = {
         isa = "PBXGroup";
         children = (
            "OBJ_45",
            "OBJ_46",
            "OBJ_47",
            "OBJ_48",
            "OBJ_49"
         );
         name = "Util";
         path = "Util";
         sourceTree = "<group>";
      };
      "OBJ_45" = {
         isa = "PBXFileReference";
         path = "SSLSecurity.swift";
         sourceTree = "<group>";
      };
      "OBJ_46" = {
         isa = "PBXFileReference";
         path = "SocketExtensions.swift";
         sourceTree = "<group>";
      };
      "OBJ_47" = {
         isa = "PBXFileReference";
         path = "SocketLogger.swift";
         sourceTree = "<group>";
      };
      "OBJ_48" = {
         isa = "PBXFileReference";
         path = "SocketStringReader.swift";
         sourceTree = "<group>";
      };
      "OBJ_49" = {
         isa = "PBXFileReference";
         path = "SocketTypes.swift";
         sourceTree = "<group>";
      };
      "OBJ_5" = {
         isa = "PBXGroup";
         children = (
            "OBJ_6",
            "OBJ_7",
            "OBJ_12",
            "OBJ_16",
            "OBJ_89"
         );
         path = "";
         sourceTree = "<group>";
      };
      "OBJ_50" = {
         isa = "PBXFileReference";
         explicitFileType = "sourcecode.swift";
         name = "Package.swift";
         path = "/Users/noirdemort/Stygian/AshesOfTomorrow/EastWinds/.build/checkouts/socket.io-client-swift/Package.swift";
         sourceTree = "<group>";
      };
      "OBJ_51" = {
         isa = "PBXGroup";
         children = (
            "OBJ_52",
            "OBJ_57"
         );
         name = "Starscream 3.1.0";
         path = "";
         sourceTree = "SOURCE_ROOT";
      };
      "OBJ_52" = {
         isa = "PBXGroup";
         children = (
            "OBJ_53",
            "OBJ_54",
            "OBJ_55",
            "OBJ_56"
         );
         name = "Starscream";
         path = ".build/checkouts/Starscream/Sources/Starscream";
         sourceTree = "SOURCE_ROOT";
      };
      "OBJ_53" = {
         isa = "PBXFileReference";
         path = "Compression.swift";
         sourceTree = "<group>";
      };
      "OBJ_54" = {
         isa = "PBXFileReference";
         path = "SSLClientCertificate.swift";
         sourceTree = "<group>";
      };
      "OBJ_55" = {
         isa = "PBXFileReference";
         path = "SSLSecurity.swift";
         sourceTree = "<group>";
      };
      "OBJ_56" = {
         isa = "PBXFileReference";
         path = "WebSocket.swift";
         sourceTree = "<group>";
      };
      "OBJ_57" = {
         isa = "PBXFileReference";
         explicitFileType = "sourcecode.swift";
         name = "Package.swift";
         path = "/Users/noirdemort/Stygian/AshesOfTomorrow/EastWinds/.build/checkouts/Starscream/Package.swift";
         sourceTree = "<group>";
      };
      "OBJ_58" = {
         isa = "PBXGroup";
         children = (
            "OBJ_59",
            "OBJ_68"
         );
         name = "PerfectMongoDB 3.1.2";
         path = "";
         sourceTree = "SOURCE_ROOT";
      };
      "OBJ_59" = {
         isa = "PBXGroup";
         children = (
            "OBJ_60",
            "OBJ_61",
            "OBJ_62",
            "OBJ_63",
            "OBJ_64",
            "OBJ_65",
            "OBJ_66",
            "OBJ_67"
         );
         name = "PerfectMongoDB";
         path = ".build/checkouts/Perfect-MongoDB/Sources/PerfectMongoDB";
         sourceTree = "SOURCE_ROOT";
      };
      "OBJ_6" = {
         isa = "PBXFileReference";
         explicitFileType = "sourcecode.swift";
         path = "Package.swift";
         sourceTree = "<group>";
      };
      "OBJ_60" = {
         isa = "PBXFileReference";
         path = "BSON.swift";
         sourceTree = "<group>";
      };
      "OBJ_61" = {
         isa = "PBXFileReference";
         path = "MongoClient.swift";
         sourceTree = "<group>";
      };
      "OBJ_62" = {
         isa = "PBXFileReference";
         path = "MongoCollection.swift";
         sourceTree = "<group>";
      };
      "OBJ_63" = {
         isa = "PBXFileReference";
         path = "MongoConnectionPool.swift";
         sourceTree = "<group>";
      };
      "OBJ_64" = {
         isa = "PBXFileReference";
         path = "MongoCursor.swift";
         sourceTree = "<group>";
      };
      "OBJ_65" = {
         isa = "PBXFileReference";
         path = "MongoDatabase.swift";
         sourceTree = "<group>";
      };
      "OBJ_66" = {
         isa = "PBXFileReference";
         path = "MongoGridFS.swift";
         sourceTree = "<group>";
      };
      "OBJ_67" = {
         isa = "PBXFileReference";
         path = "MongoJSONConvertables.swift";
         sourceTree = "<group>";
      };
      "OBJ_68" = {
         isa = "PBXFileReference";
         explicitFileType = "sourcecode.swift";
         name = "Package.swift";
         path = "/Users/noirdemort/Stygian/AshesOfTomorrow/EastWinds/.build/checkouts/Perfect-MongoDB/Package.swift";
         sourceTree = "<group>";
      };
      "OBJ_69" = {
         isa = "PBXGroup";
         children = (
            "OBJ_70",
            "OBJ_80"
         );
         name = "PerfectLib 3.1.4";
         path = "";
         sourceTree = "SOURCE_ROOT";
      };
      "OBJ_7" = {
         isa = "PBXGroup";
         children = (
            "OBJ_8"
         );
         name = "Sources";
         path = "";
         sourceTree = "SOURCE_ROOT";
      };
      "OBJ_70" = {
         isa = "PBXGroup";
         children = (
            "OBJ_71",
            "OBJ_72",
            "OBJ_73",
            "OBJ_74",
            "OBJ_75",
            "OBJ_76",
            "OBJ_77",
            "OBJ_78",
            "OBJ_79"
         );
         name = "PerfectLib";
         path = ".build/checkouts/PerfectLib/Sources/PerfectLib";
         sourceTree = "SOURCE_ROOT";
      };
      "OBJ_71" = {
         isa = "PBXFileReference";
         path = "Bytes.swift";
         sourceTree = "<group>";
      };
      "OBJ_72" = {
         isa = "PBXFileReference";
         path = "Dir.swift";
         sourceTree = "<group>";
      };
      "OBJ_73" = {
         isa = "PBXFileReference";
         path = "File.swift";
         sourceTree = "<group>";
      };
      "OBJ_74" = {
         isa = "PBXFileReference";
         path = "JSONConvertible.swift";
         sourceTree = "<group>";
      };
      "OBJ_75" = {
         isa = "PBXFileReference";
         path = "Log.swift";
         sourceTree = "<group>";
      };
      "OBJ_76" = {
         isa = "PBXFileReference";
         path = "PerfectError.swift";
         sourceTree = "<group>";
      };
      "OBJ_77" = {
         isa = "PBXFileReference";
         path = "PerfectServer.swift";
         sourceTree = "<group>";
      };
      "OBJ_78" = {
         isa = "PBXFileReference";
         path = "SysProcess.swift";
         sourceTree = "<group>";
      };
      "OBJ_79" = {
         isa = "PBXFileReference";
         path = "Utilities.swift";
         sourceTree = "<group>";
      };
      "OBJ_8" = {
         isa = "PBXGroup";
         children = (
            "OBJ_9",
            "OBJ_10",
            "OBJ_11"
         );
         name = "EastWinds";
         path = "Sources/EastWinds";
         sourceTree = "SOURCE_ROOT";
      };
      "OBJ_80" = {
         isa = "PBXFileReference";
         explicitFileType = "sourcecode.swift";
         name = "Package.swift";
         path = "/Users/noirdemort/Stygian/AshesOfTomorrow/EastWinds/.build/checkouts/PerfectLib/Package.swift";
         sourceTree = "<group>";
      };
      "OBJ_81" = {
         isa = "PBXGroup";
         children = (
            "OBJ_82",
            "OBJ_87",
            "OBJ_88"
         );
         name = "PythonTool";
         path = "";
         sourceTree = "SOURCE_ROOT";
      };
      "OBJ_82" = {
         isa = "PBXGroup";
         children = (
            "OBJ_83",
            "OBJ_84",
            "OBJ_85",
            "OBJ_86"
         );
         name = "PythonKit";
         path = ".build/checkouts/PythonKit/PythonKit";
         sourceTree = "SOURCE_ROOT";
      };
      "OBJ_83" = {
         isa = "PBXFileReference";
         path = "NumpyConversion.swift";
         sourceTree = "<group>";
      };
      "OBJ_84" = {
         isa = "PBXFileReference";
         path = "Python.swift";
         sourceTree = "<group>";
      };
      "OBJ_85" = {
         isa = "PBXFileReference";
         path = "PythonLibrary+Symbols.swift";
         sourceTree = "<group>";
      };
      "OBJ_86" = {
         isa = "PBXFileReference";
         path = "PythonLibrary.swift";
         sourceTree = "<group>";
      };
      "OBJ_87" = {
         isa = "PBXGroup";
         children = (
         );
         name = "PythonTool";
         path = ".build/checkouts/PythonKit/PythonTool";
         sourceTree = "SOURCE_ROOT";
      };
      "OBJ_88" = {
         isa = "PBXFileReference";
         explicitFileType = "sourcecode.swift";
         name = "Package.swift";
         path = "/Users/noirdemort/Stygian/AshesOfTomorrow/EastWinds/.build/checkouts/PythonKit/Package.swift";
         sourceTree = "<group>";
      };
      "OBJ_89" = {
         isa = "PBXGroup";
         children = (
            "EastWinds::EastWindsTests::Product",
            "SocketIO::SocketIO::Product",
            "PythonTool::PythonKit::Product",
            "PerfectMongoDB::PerfectMongoDB::Product",
            "EastWinds::EastWinds::Product",
            "Starscream::Starscream::Product",
            "PerfectLib::PerfectLib::Product"
         );
         name = "Products";
         path = "";
         sourceTree = "BUILT_PRODUCTS_DIR";
      };
      "OBJ_9" = {
         isa = "PBXFileReference";
         path = "CoreMethods.swift";
         sourceTree = "<group>";
      };
      "OBJ_98" = {
         isa = "XCConfigurationList";
         buildConfigurations = (
            "OBJ_99",
            "OBJ_100"
         );
         defaultConfigurationIsVisible = "0";
         defaultConfigurationName = "Release";
      };
      "OBJ_99" = {
         isa = "XCBuildConfiguration";
         buildSettings = {
            FRAMEWORK_SEARCH_PATHS = (
               "$(inherited)",
               "$(PLATFORM_DIR)/Developer/Library/Frameworks"
            );
            HEADER_SEARCH_PATHS = (
               "$(inherited)",
               "$(SRCROOT)/.build/checkouts/Perfect-CMongo",
               "$(SRCROOT)/.build/checkouts/Perfect-CBSON"
            );
            INFOPLIST_FILE = "EastWinds.xcodeproj/EastWinds_Info.plist";
            IPHONEOS_DEPLOYMENT_TARGET = "8.0";
            LD_RUNPATH_SEARCH_PATHS = (
               "$(inherited)",
               "$(TOOLCHAIN_DIR)/usr/lib/swift/macosx",
               "@executable_path"
            );
            MACOSX_DEPLOYMENT_TARGET = "10.10";
            OTHER_CFLAGS = (
               "$(inherited)",
               "-I/usr/local/Cellar/mongo-c-driver/1.14.0/include/libmongoc-1.0",
               "-I/usr/local/Cellar/mongo-c-driver/1.14.0/include/libbson-1.0",
               "-I/usr/local/Cellar/mongo-c-driver/1.14.0/include/libbson-1.0"
            );
            OTHER_LDFLAGS = (
               "$(inherited)",
               "-L/usr/local/Cellar/mongo-c-driver/1.14.0/lib",
               "-lmongoc-1.0",
               "-L/usr/local/Cellar/mongo-c-driver/1.14.0/lib",
               "-lbson-1.0",
               "-L/usr/local/Cellar/mongo-c-driver/1.14.0/lib",
               "-lbson-1.0"
            );
            OTHER_SWIFT_FLAGS = (
               "$(inherited)",
               "-I/usr/local/Cellar/mongo-c-driver/1.14.0/include/libmongoc-1.0",
               "-I/usr/local/Cellar/mongo-c-driver/1.14.0/include/libbson-1.0",
               "-I/usr/local/Cellar/mongo-c-driver/1.14.0/include/libbson-1.0"
            );
            SWIFT_ACTIVE_COMPILATION_CONDITIONS = (
               "$(inherited)"
            );
            SWIFT_FORCE_DYNAMIC_LINK_STDLIB = "YES";
            SWIFT_FORCE_STATIC_LINK_STDLIB = "NO";
            SWIFT_VERSION = "5.0";
            TARGET_NAME = "EastWinds";
            TVOS_DEPLOYMENT_TARGET = "9.0";
            WATCHOS_DEPLOYMENT_TARGET = "2.0";
         };
         name = "Debug";
      };
      "PerfectLib::PerfectLib" = {
         isa = "PBXNativeTarget";
         buildConfigurationList = "OBJ_151";
         buildPhases = (
            "OBJ_154",
            "OBJ_164"
         );
         dependencies = (
         );
         name = "PerfectLib";
         productName = "PerfectLib";
         productReference = "PerfectLib::PerfectLib::Product";
         productType = "com.apple.product-type.framework";
      };
      "PerfectLib::PerfectLib::Product" = {
         isa = "PBXFileReference";
         path = "PerfectLib.framework";
         sourceTree = "BUILT_PRODUCTS_DIR";
      };
      "PerfectLib::SwiftPMPackageDescription" = {
         isa = "PBXNativeTarget";
         buildConfigurationList = "OBJ_166";
         buildPhases = (
            "OBJ_169"
         );
         dependencies = (
         );
         name = "PerfectLibPackageDescription";
         productName = "PerfectLibPackageDescription";
         productType = "com.apple.product-type.framework";
      };
      "PerfectMongoDB::PerfectMongoDB" = {
         isa = "PBXNativeTarget";
         buildConfigurationList = "OBJ_171";
         buildPhases = (
            "OBJ_174",
            "OBJ_183"
         );
         dependencies = (
            "OBJ_185"
         );
         name = "PerfectMongoDB";
         productName = "PerfectMongoDB";
         productReference = "PerfectMongoDB::PerfectMongoDB::Product";
         productType = "com.apple.product-type.framework";
      };
      "PerfectMongoDB::PerfectMongoDB::Product" = {
         isa = "PBXFileReference";
         path = "PerfectMongoDB.framework";
         sourceTree = "BUILT_PRODUCTS_DIR";
      };
      "PerfectMongoDB::SwiftPMPackageDescription" = {
         isa = "PBXNativeTarget";
         buildConfigurationList = "OBJ_187";
         buildPhases = (
            "OBJ_190"
         );
         dependencies = (
         );
         name = "PerfectMongoDBPackageDescription";
         productName = "PerfectMongoDBPackageDescription";
         productType = "com.apple.product-type.framework";
      };
      "PythonTool::PythonKit" = {
         isa = "PBXNativeTarget";
         buildConfigurationList = "OBJ_192";
         buildPhases = (
            "OBJ_195",
            "OBJ_200"
         );
         dependencies = (
         );
         name = "PythonKit";
         productName = "PythonKit";
         productReference = "PythonTool::PythonKit::Product";
         productType = "com.apple.product-type.framework";
      };
      "PythonTool::PythonKit::Product" = {
         isa = "PBXFileReference";
         path = "PythonKit.framework";
         sourceTree = "BUILT_PRODUCTS_DIR";
      };
      "PythonTool::SwiftPMPackageDescription" = {
         isa = "PBXNativeTarget";
         buildConfigurationList = "OBJ_202";
         buildPhases = (
            "OBJ_205"
         );
         dependencies = (
         );
         name = "PythonToolPackageDescription";
         productName = "PythonToolPackageDescription";
         productType = "com.apple.product-type.framework";
      };
      "SocketIO::SocketIO" = {
         isa = "PBXNativeTarget";
         buildConfigurationList = "OBJ_207";
         buildPhases = (
            "OBJ_210",
            "OBJ_236"
         );
         dependencies = (
            "OBJ_238"
         );
         name = "SocketIO";
         productName = "SocketIO";
         productReference = "SocketIO::SocketIO::Product";
         productType = "com.apple.product-type.framework";
      };
      "SocketIO::SocketIO::Product" = {
         isa = "PBXFileReference";
         path = "SocketIO.framework";
         sourceTree = "BUILT_PRODUCTS_DIR";
      };
      "SocketIO::SwiftPMPackageDescription" = {
         isa = "PBXNativeTarget";
         buildConfigurationList = "OBJ_240";
         buildPhases = (
            "OBJ_243"
         );
         dependencies = (
         );
         name = "SocketIOPackageDescription";
         productName = "SocketIOPackageDescription";
         productType = "com.apple.product-type.framework";
      };
      "Starscream::Starscream" = {
         isa = "PBXNativeTarget";
         buildConfigurationList = "OBJ_245";
         buildPhases = (
            "OBJ_248",
            "OBJ_253"
         );
         dependencies = (
         );
         name = "Starscream";
         productName = "Starscream";
         productReference = "Starscream::Starscream::Product";
         productType = "com.apple.product-type.framework";
      };
      "Starscream::Starscream::Product" = {
         isa = "PBXFileReference";
         path = "Starscream.framework";
         sourceTree = "BUILT_PRODUCTS_DIR";
      };
      "Starscream::SwiftPMPackageDescription" = {
         isa = "PBXNativeTarget";
         buildConfigurationList = "OBJ_255";
         buildPhases = (
            "OBJ_258"
         );
         dependencies = (
         );
         name = "StarscreamPackageDescription";
         productName = "StarscreamPackageDescription";
         productType = "com.apple.product-type.framework";
      };
   };
   rootObject = "OBJ_1";
}
